
Microsoft Visual Studio Solution File, Format Version 12.00
Project("{FAE04EC0-301F-11D3-BF4B-00C04F79EFBC}") = "Test", "Test\Test.csproj", "{A3E5E7D7-F573-4B3F-B82A-B64FCA88A698}"
EndProject
Project("{FAE04EC0-301F-11D3-BF4B-00C04F79EFBC}") = "InsidePacketProcessor", "..\..\InsidePacketProcessor\InsidePacketProcessor.csproj", "{9B59F0D4-3393-4847-8D5A-28FF5D127471}"
EndProject
Global
	GlobalSection(SolutionConfigurationPlatforms) = preSolution
		Debug|Any CPU = Debug|Any CPU
		Release|Any CPU = Release|Any CPU
	EndGlobalSection
	GlobalSection(ProjectConfigurationPlatforms) = postSolution
		{A3E5E7D7-F573-4B3F-B82A-B64FCA88A698}.Debug|Any CPU.ActiveCfg = Debug|Any CPU
		{A3E5E7D7-F573-4B3F-B82A-B64FCA88A698}.Debug|Any CPU.Build.0 = Debug|Any CPU
		{A3E5E7D7-F573-4B3F-B82A-B64FCA88A698}.Release|Any CPU.ActiveCfg = Release|Any CPU
		{A3E5E7D7-F573-4B3F-B82A-B64FCA88A698}.Release|Any CPU.Build.0 = Release|Any CPU
		{9B59F0D4-3393-4847-8D5A-28FF5D127471}.Debug|Any CPU.ActiveCfg = Debug|Any CPU
		{9B59F0D4-3393-4847-8D5A-28FF5D127471}.Debug|Any CPU.Build.0 = Debug|Any CPU
		{9B59F0D4-3393-4847-8D5A-28FF5D127471}.Release|Any CPU.ActiveCfg = Release|Any CPU
		{9B59F0D4-3393-4847-8D5A-28FF5D127471}.Release|Any CPU.Build.0 = Release|Any CPU
	EndGlobalSection
EndGlobal
